// !$*UTF8*$!
{
	archiveVersion = 1;
	classes = {
	};
	objectVersion = 50;
	objects = {

/* Begin PBXBuildFile section */
		D23AE75522C812A900910536 /* AppDelegate.swift in Sources */ = {isa = PBXBuildFile; fileRef = D23AE75422C812A900910536 /* AppDelegate.swift */; };
		D23AE75D22C812A900910536 /* Demo.xcdatamodeld in Sources */ = {isa = PBXBuildFile; fileRef = D23AE75B22C812A900910536 /* Demo.xcdatamodeld */; };
		D23AE75F22C812A900910536 /* Assets.xcassets in Resources */ = {isa = PBXBuildFile; fileRef = D23AE75E22C812A900910536 /* Assets.xcassets */; };
		D23AE76222C812A900910536 /* LaunchScreen.storyboard in Resources */ = {isa = PBXBuildFile; fileRef = D23AE76022C812A900910536 /* LaunchScreen.storyboard */; };
		D23AE77822C812A900910536 /* DemoUITests.swift in Sources */ = {isa = PBXBuildFile; fileRef = D23AE77722C812A900910536 /* DemoUITests.swift */; };
		D24A3371232D3CE7002B6449 /* QuadTreeNode.swift in Sources */ = {isa = PBXBuildFile; fileRef = D24A3370232D3CE7002B6449 /* QuadTreeNode.swift */; };
		D24A3373232D3D6C002B6449 /* QuadTreeBounds.swift in Sources */ = {isa = PBXBuildFile; fileRef = D24A3372232D3D6C002B6449 /* QuadTreeBounds.swift */; };
		D24A3375232D3EA8002B6449 /* QuadTreeDataPoint.swift in Sources */ = {isa = PBXBuildFile; fileRef = D24A3374232D3EA8002B6449 /* QuadTreeDataPoint.swift */; };
		D24A3377232E9465002B6449 /* QuadTreeNodeSpec.swift in Sources */ = {isa = PBXBuildFile; fileRef = D24A3376232E9465002B6449 /* QuadTreeNodeSpec.swift */; };
		D24A337A232F072E002B6449 /* MapView.xib in Resources */ = {isa = PBXBuildFile; fileRef = D24A3379232F072E002B6449 /* MapView.xib */; };
		D24A337C232F07B3002B6449 /* MapViewController.swift in Sources */ = {isa = PBXBuildFile; fileRef = D24A337B232F07B3002B6449 /* MapViewController.swift */; };
		D24A337E232F11DF002B6449 /* MapViewDelegateSplitter.swift in Sources */ = {isa = PBXBuildFile; fileRef = D24A337D232F11DF002B6449 /* MapViewDelegateSplitter.swift */; };
		D24A3380232F1283002B6449 /* MapAnnotationManager.swift in Sources */ = {isa = PBXBuildFile; fileRef = D24A337F232F1283002B6449 /* MapAnnotationManager.swift */; };
		D2DA8715232B72A4005C6D09 /* NSRegularExpression+Substrings.swift in Sources */ = {isa = PBXBuildFile; fileRef = D2DA8714232B72A4005C6D09 /* NSRegularExpression+Substrings.swift */; };
		D2DA8717232B72F9005C6D09 /* User.swift in Sources */ = {isa = PBXBuildFile; fileRef = D2DA8716232B72F9005C6D09 /* User.swift */; };
		D2DA871D232B7414005C6D09 /* RandomUserHttpService.swift in Sources */ = {isa = PBXBuildFile; fileRef = D2DA871B232B7414005C6D09 /* RandomUserHttpService.swift */; };
		D2DA871E232B7414005C6D09 /* RandomUserHttpServiceResponseDecoder.swift in Sources */ = {isa = PBXBuildFile; fileRef = D2DA871C232B7414005C6D09 /* RandomUserHttpServiceResponseDecoder.swift */; };
		D2DA8726232B75BA005C6D09 /* HomeViewController.swift in Sources */ = {isa = PBXBuildFile; fileRef = D2DA8720232B75BA005C6D09 /* HomeViewController.swift */; };
		D2DA8727232B75BA005C6D09 /* HomeView.storyboard in Resources */ = {isa = PBXBuildFile; fileRef = D2DA8721232B75BA005C6D09 /* HomeView.storyboard */; };
		E5477F05242903A300B3466F /* UserImageView.swift in Sources */ = {isa = PBXBuildFile; fileRef = E5477F04242903A300B3466F /* UserImageView.swift */; };
/* End PBXBuildFile section */

/* Begin PBXContainerItemProxy section */
		D23AE76922C812A900910536 /* PBXContainerItemProxy */ = {
			isa = PBXContainerItemProxy;
			containerPortal = D23AE74922C812A900910536 /* Project object */;
			proxyType = 1;
			remoteGlobalIDString = D23AE75022C812A900910536;
			remoteInfo = Demo;
		};
		D23AE77422C812A900910536 /* PBXContainerItemProxy */ = {
			isa = PBXContainerItemProxy;
			containerPortal = D23AE74922C812A900910536 /* Project object */;
			proxyType = 1;
			remoteGlobalIDString = D23AE75022C812A900910536;
			remoteInfo = Demo;
		};
/* End PBXContainerItemProxy section */

/* Begin PBXFileReference section */
		D23AE75122C812A900910536 /* Demo.app */ = {isa = PBXFileReference; explicitFileType = wrapper.application; includeInIndex = 0; path = Demo.app; sourceTree = BUILT_PRODUCTS_DIR; };
		D23AE75422C812A900910536 /* AppDelegate.swift */ = {isa = PBXFileReference; lastKnownFileType = sourcecode.swift; path = AppDelegate.swift; sourceTree = "<group>"; };
		D23AE75C22C812A900910536 /* Demo.xcdatamodel */ = {isa = PBXFileReference; lastKnownFileType = wrapper.xcdatamodel; path = Demo.xcdatamodel; sourceTree = "<group>"; };
		D23AE75E22C812A900910536 /* Assets.xcassets */ = {isa = PBXFileReference; lastKnownFileType = folder.assetcatalog; path = Assets.xcassets; sourceTree = "<group>"; };
		D23AE76122C812A900910536 /* Base */ = {isa = PBXFileReference; lastKnownFileType = file.storyboard; name = Base; path = Base.lproj/LaunchScreen.storyboard; sourceTree = "<group>"; };
		D23AE76322C812A900910536 /* Info.plist */ = {isa = PBXFileReference; lastKnownFileType = text.plist.xml; path = Info.plist; sourceTree = "<group>"; };
		D23AE76822C812A900910536 /* DemoTests.xctest */ = {isa = PBXFileReference; explicitFileType = wrapper.cfbundle; includeInIndex = 0; path = DemoTests.xctest; sourceTree = BUILT_PRODUCTS_DIR; };
		D23AE76E22C812A900910536 /* Info.plist */ = {isa = PBXFileReference; lastKnownFileType = text.plist.xml; path = Info.plist; sourceTree = "<group>"; };
		D23AE77322C812A900910536 /* DemoUITests.xctest */ = {isa = PBXFileReference; explicitFileType = wrapper.cfbundle; includeInIndex = 0; path = DemoUITests.xctest; sourceTree = BUILT_PRODUCTS_DIR; };
		D23AE77722C812A900910536 /* DemoUITests.swift */ = {isa = PBXFileReference; lastKnownFileType = sourcecode.swift; path = DemoUITests.swift; sourceTree = "<group>"; };
		D23AE77922C812A900910536 /* Info.plist */ = {isa = PBXFileReference; lastKnownFileType = text.plist.xml; path = Info.plist; sourceTree = "<group>"; };
		D24A3370232D3CE7002B6449 /* QuadTreeNode.swift */ = {isa = PBXFileReference; lastKnownFileType = sourcecode.swift; path = QuadTreeNode.swift; sourceTree = "<group>"; };
		D24A3372232D3D6C002B6449 /* QuadTreeBounds.swift */ = {isa = PBXFileReference; lastKnownFileType = sourcecode.swift; path = QuadTreeBounds.swift; sourceTree = "<group>"; };
		D24A3374232D3EA8002B6449 /* QuadTreeDataPoint.swift */ = {isa = PBXFileReference; lastKnownFileType = sourcecode.swift; path = QuadTreeDataPoint.swift; sourceTree = "<group>"; };
		D24A3376232E9465002B6449 /* QuadTreeNodeSpec.swift */ = {isa = PBXFileReference; lastKnownFileType = sourcecode.swift; path = QuadTreeNodeSpec.swift; sourceTree = "<group>"; };
		D24A3379232F072E002B6449 /* MapView.xib */ = {isa = PBXFileReference; lastKnownFileType = file.xib; path = MapView.xib; sourceTree = "<group>"; };
		D24A337B232F07B3002B6449 /* MapViewController.swift */ = {isa = PBXFileReference; lastKnownFileType = sourcecode.swift; path = MapViewController.swift; sourceTree = "<group>"; };
		D24A337D232F11DF002B6449 /* MapViewDelegateSplitter.swift */ = {isa = PBXFileReference; lastKnownFileType = sourcecode.swift; path = MapViewDelegateSplitter.swift; sourceTree = "<group>"; };
		D24A337F232F1283002B6449 /* MapAnnotationManager.swift */ = {isa = PBXFileReference; lastKnownFileType = sourcecode.swift; path = MapAnnotationManager.swift; sourceTree = "<group>"; };
		D2DA8714232B72A4005C6D09 /* NSRegularExpression+Substrings.swift */ = {isa = PBXFileReference; fileEncoding = 4; lastKnownFileType = sourcecode.swift; path = "NSRegularExpression+Substrings.swift"; sourceTree = "<group>"; };
		D2DA8716232B72F9005C6D09 /* User.swift */ = {isa = PBXFileReference; fileEncoding = 4; lastKnownFileType = sourcecode.swift; path = User.swift; sourceTree = "<group>"; };
		D2DA871B232B7414005C6D09 /* RandomUserHttpService.swift */ = {isa = PBXFileReference; fileEncoding = 4; lastKnownFileType = sourcecode.swift; path = RandomUserHttpService.swift; sourceTree = "<group>"; };
		D2DA871C232B7414005C6D09 /* RandomUserHttpServiceResponseDecoder.swift */ = {isa = PBXFileReference; fileEncoding = 4; lastKnownFileType = sourcecode.swift; path = RandomUserHttpServiceResponseDecoder.swift; sourceTree = "<group>"; };
		D2DA8720232B75BA005C6D09 /* HomeViewController.swift */ = {isa = PBXFileReference; fileEncoding = 4; lastKnownFileType = sourcecode.swift; path = HomeViewController.swift; sourceTree = "<group>"; };
		D2DA8721232B75BA005C6D09 /* HomeView.storyboard */ = {isa = PBXFileReference; fileEncoding = 4; lastKnownFileType = file.storyboard; path = HomeView.storyboard; sourceTree = "<group>"; };
		E5477F04242903A300B3466F /* UserImageView.swift */ = {isa = PBXFileReference; fileEncoding = 4; lastKnownFileType = sourcecode.swift; path = UserImageView.swift; sourceTree = "<group>"; };
/* End PBXFileReference section */

/* Begin PBXFrameworksBuildPhase section */
		D23AE74E22C812A900910536 /* Frameworks */ = {
			isa = PBXFrameworksBuildPhase;
			buildActionMask = 2147483647;
			files = (
			);
			runOnlyForDeploymentPostprocessing = 0;
		};
		D23AE76522C812A900910536 /* Frameworks */ = {
			isa = PBXFrameworksBuildPhase;
			buildActionMask = 2147483647;
			files = (
			);
			runOnlyForDeploymentPostprocessing = 0;
		};
		D23AE77022C812A900910536 /* Frameworks */ = {
			isa = PBXFrameworksBuildPhase;
			buildActionMask = 2147483647;
			files = (
			);
			runOnlyForDeploymentPostprocessing = 0;
		};
/* End PBXFrameworksBuildPhase section */

/* Begin PBXGroup section */
		D23AE74822C812A900910536 = {
			isa = PBXGroup;
			children = (
				D23AE75322C812A900910536 /* Demo */,
				D23AE76B22C812A900910536 /* DemoTests */,
				D23AE77622C812A900910536 /* DemoUITests */,
				D23AE75222C812A900910536 /* Products */,
			);
			sourceTree = "<group>";
		};
		D23AE75222C812A900910536 /* Products */ = {
			isa = PBXGroup;
			children = (
				D23AE75122C812A900910536 /* Demo.app */,
				D23AE76822C812A900910536 /* DemoTests.xctest */,
				D23AE77322C812A900910536 /* DemoUITests.xctest */,
			);
			name = Products;
			sourceTree = "<group>";
		};
		D23AE75322C812A900910536 /* Demo */ = {
			isa = PBXGroup;
			children = (
				D23AE78522C812B800910536 /* Assets */,
				D23AE78622C812C800910536 /* Source */,
				D23AE78722C812D500910536 /* Supporting Files */,
			);
			path = Demo;
			sourceTree = "<group>";
		};
		D23AE76B22C812A900910536 /* DemoTests */ = {
			isa = PBXGroup;
			children = (
				D23AE76E22C812A900910536 /* Info.plist */,
				D24A3376232E9465002B6449 /* QuadTreeNodeSpec.swift */,
			);
			path = DemoTests;
			sourceTree = "<group>";
		};
		D23AE77622C812A900910536 /* DemoUITests */ = {
			isa = PBXGroup;
			children = (
				D23AE77722C812A900910536 /* DemoUITests.swift */,
				D23AE77922C812A900910536 /* Info.plist */,
			);
			path = DemoUITests;
			sourceTree = "<group>";
		};
		D23AE78522C812B800910536 /* Assets */ = {
			isa = PBXGroup;
			children = (
				D23AE75E22C812A900910536 /* Assets.xcassets */,
			);
			path = Assets;
			sourceTree = "<group>";
		};
		D23AE78622C812C800910536 /* Source */ = {
			isa = PBXGroup;
			children = (
				D23AE78822C812E400910536 /* App */,
				D2DA8713232B72A4005C6D09 /* Extensions */,
				D23AE78922C8130B00910536 /* Model */,
				D23AE78A22C8143C00910536 /* Modules */,
				D2DA8719232B7414005C6D09 /* Services */,
			);
			path = Source;
			sourceTree = "<group>";
		};
		D23AE78722C812D500910536 /* Supporting Files */ = {
			isa = PBXGroup;
			children = (
				D23AE76322C812A900910536 /* Info.plist */,
			);
			path = "Supporting Files";
			sourceTree = "<group>";
		};
		D23AE78822C812E400910536 /* App */ = {
			isa = PBXGroup;
			children = (
				D23AE75422C812A900910536 /* AppDelegate.swift */,
				D23AE76022C812A900910536 /* LaunchScreen.storyboard */,
			);
			path = App;
			sourceTree = "<group>";
		};
		D23AE78922C8130B00910536 /* Model */ = {
			isa = PBXGroup;
			children = (
				D2DA8718232B7303005C6D09 /* CoreData */,
				D2DA8716232B72F9005C6D09 /* User.swift */,
			);
			path = Model;
			sourceTree = "<group>";
		};
		D23AE78A22C8143C00910536 /* Modules */ = {
			isa = PBXGroup;
			children = (
				D2DA871F232B75BA005C6D09 /* Home */,
				D24A3378232F06D0002B6449 /* Map */,
				D24A336F232D3CCE002B6449 /* QuadTree */,
				E5477F03242903A300B3466F /* UserView */,
			);
			path = Modules;
			sourceTree = "<group>";
		};
		D24A336F232D3CCE002B6449 /* QuadTree */ = {
			isa = PBXGroup;
			children = (
				D24A3370232D3CE7002B6449 /* QuadTreeNode.swift */,
				D24A3374232D3EA8002B6449 /* QuadTreeDataPoint.swift */,
				D24A3372232D3D6C002B6449 /* QuadTreeBounds.swift */,
			);
			path = QuadTree;
			sourceTree = "<group>";
		};
		D24A3378232F06D0002B6449 /* Map */ = {
			isa = PBXGroup;
			children = (
				D24A3379232F072E002B6449 /* MapView.xib */,
				D24A337B232F07B3002B6449 /* MapViewController.swift */,
				D24A337D232F11DF002B6449 /* MapViewDelegateSplitter.swift */,
				D24A337F232F1283002B6449 /* MapAnnotationManager.swift */,
			);
			path = Map;
			sourceTree = "<group>";
		};
		D2DA8713232B72A4005C6D09 /* Extensions */ = {
			isa = PBXGroup;
			children = (
				D2DA8714232B72A4005C6D09 /* NSRegularExpression+Substrings.swift */,
			);
			path = Extensions;
			sourceTree = "<group>";
		};
		D2DA8718232B7303005C6D09 /* CoreData */ = {
			isa = PBXGroup;
			children = (
				D23AE75B22C812A900910536 /* Demo.xcdatamodeld */,
			);
			path = CoreData;
			sourceTree = "<group>";
		};
		D2DA8719232B7414005C6D09 /* Services */ = {
			isa = PBXGroup;
			children = (
				D2DA871A232B7414005C6D09 /* RandomUser */,
			);
			path = Services;
			sourceTree = "<group>";
		};
		D2DA871A232B7414005C6D09 /* RandomUser */ = {
			isa = PBXGroup;
			children = (
				D2DA871B232B7414005C6D09 /* RandomUserHttpService.swift */,
				D2DA871C232B7414005C6D09 /* RandomUserHttpServiceResponseDecoder.swift */,
			);
			path = RandomUser;
			sourceTree = "<group>";
		};
		D2DA871F232B75BA005C6D09 /* Home */ = {
			isa = PBXGroup;
			children = (
				D2DA8720232B75BA005C6D09 /* HomeViewController.swift */,
				D2DA8721232B75BA005C6D09 /* HomeView.storyboard */,
			);
			path = Home;
			sourceTree = "<group>";
		};
		E5477F03242903A300B3466F /* UserView */ = {
			isa = PBXGroup;
			children = (
				E5477F04242903A300B3466F /* UserImageView.swift */,
			);
			path = UserView;
			sourceTree = "<group>";
		};
/* End PBXGroup section */

/* Begin PBXNativeTarget section */
		D23AE75022C812A900910536 /* Demo */ = {
			isa = PBXNativeTarget;
			buildConfigurationList = D23AE77C22C812A900910536 /* Build configuration list for PBXNativeTarget "Demo" */;
			buildPhases = (
				D23AE74D22C812A900910536 /* Sources */,
				D23AE74E22C812A900910536 /* Frameworks */,
				D23AE74F22C812A900910536 /* Resources */,
			);
			buildRules = (
			);
			dependencies = (
			);
			name = Demo;
			productName = Demo;
			productReference = D23AE75122C812A900910536 /* Demo.app */;
			productType = "com.apple.product-type.application";
		};
		D23AE76722C812A900910536 /* DemoTests */ = {
			isa = PBXNativeTarget;
			buildConfigurationList = D23AE77F22C812A900910536 /* Build configuration list for PBXNativeTarget "DemoTests" */;
			buildPhases = (
				D23AE76422C812A900910536 /* Sources */,
				D23AE76522C812A900910536 /* Frameworks */,
				D23AE76622C812A900910536 /* Resources */,
			);
			buildRules = (
			);
			dependencies = (
				D23AE76A22C812A900910536 /* PBXTargetDependency */,
			);
			name = DemoTests;
			productName = DemoTests;
			productReference = D23AE76822C812A900910536 /* DemoTests.xctest */;
			productType = "com.apple.product-type.bundle.unit-test";
		};
		D23AE77222C812A900910536 /* DemoUITests */ = {
			isa = PBXNativeTarget;
			buildConfigurationList = D23AE78222C812A900910536 /* Build configuration list for PBXNativeTarget "DemoUITests" */;
			buildPhases = (
				D23AE76F22C812A900910536 /* Sources */,
				D23AE77022C812A900910536 /* Frameworks */,
				D23AE77122C812A900910536 /* Resources */,
			);
			buildRules = (
			);
			dependencies = (
				D23AE77522C812A900910536 /* PBXTargetDependency */,
			);
			name = DemoUITests;
			productName = DemoUITests;
			productReference = D23AE77322C812A900910536 /* DemoUITests.xctest */;
			productType = "com.apple.product-type.bundle.ui-testing";
		};
/* End PBXNativeTarget section */

/* Begin PBXProject section */
		D23AE74922C812A900910536 /* Project object */ = {
			isa = PBXProject;
			attributes = {
				LastSwiftUpdateCheck = 1020;
				LastUpgradeCheck = 1020;
				ORGANIZATIONNAME = "Scott Levie";
				TargetAttributes = {
					D23AE75022C812A900910536 = {
						CreatedOnToolsVersion = 10.2.1;
					};
					D23AE76722C812A900910536 = {
						CreatedOnToolsVersion = 10.2.1;
						TestTargetID = D23AE75022C812A900910536;
					};
					D23AE77222C812A900910536 = {
						CreatedOnToolsVersion = 10.2.1;
						TestTargetID = D23AE75022C812A900910536;
					};
				};
			};
			buildConfigurationList = D23AE74C22C812A900910536 /* Build configuration list for PBXProject "Demo" */;
			compatibilityVersion = "Xcode 9.3";
			developmentRegion = en;
			hasScannedForEncodings = 0;
			knownRegions = (
				en,
				Base,
			);
			mainGroup = D23AE74822C812A900910536;
			productRefGroup = D23AE75222C812A900910536 /* Products */;
			projectDirPath = "";
			projectRoot = "";
			targets = (
				D23AE75022C812A900910536 /* Demo */,
				D23AE76722C812A900910536 /* DemoTests */,
				D23AE77222C812A900910536 /* DemoUITests */,
			);
		};
/* End PBXProject section */

/* Begin PBXResourcesBuildPhase section */
		D23AE74F22C812A900910536 /* Resources */ = {
			isa = PBXResourcesBuildPhase;
			buildActionMask = 2147483647;
			files = (
				D23AE76222C812A900910536 /* LaunchScreen.storyboard in Resources */,
				D24A337A232F072E002B6449 /* MapView.xib in Resources */,
				D23AE75F22C812A900910536 /* Assets.xcassets in Resources */,
				D2DA8727232B75BA005C6D09 /* HomeView.storyboard in Resources */,
			);
			runOnlyForDeploymentPostprocessing = 0;
		};
		D23AE76622C812A900910536 /* Resources */ = {
			isa = PBXResourcesBuildPhase;
			buildActionMask = 2147483647;
			files = (
			);
			runOnlyForDeploymentPostprocessing = 0;
		};
		D23AE77122C812A900910536 /* Resources */ = {
			isa = PBXResourcesBuildPhase;
			buildActionMask = 2147483647;
			files = (
			);
			runOnlyForDeploymentPostprocessing = 0;
		};
/* End PBXResourcesBuildPhase section */

/* Begin PBXSourcesBuildPhase section */
		D23AE74D22C812A900910536 /* Sources */ = {
			isa = PBXSourcesBuildPhase;
			buildActionMask = 2147483647;
			files = (
				D24A337E232F11DF002B6449 /* MapViewDelegateSplitter.swift in Sources */,
				E5477F05242903A300B3466F /* UserImageView.swift in Sources */,
				D24A337C232F07B3002B6449 /* MapViewController.swift in Sources */,
				D23AE75D22C812A900910536 /* Demo.xcdatamodeld in Sources */,
				D2DA871D232B7414005C6D09 /* RandomUserHttpService.swift in Sources */,
				D24A3380232F1283002B6449 /* MapAnnotationManager.swift in Sources */,
				D2DA8715232B72A4005C6D09 /* NSRegularExpression+Substrings.swift in Sources */,
				D2DA8726232B75BA005C6D09 /* HomeViewController.swift in Sources */,
				D2DA8717232B72F9005C6D09 /* User.swift in Sources */,
				D23AE75522C812A900910536 /* AppDelegate.swift in Sources */,
				D24A3371232D3CE7002B6449 /* QuadTreeNode.swift in Sources */,
				D24A3375232D3EA8002B6449 /* QuadTreeDataPoint.swift in Sources */,
				D24A3373232D3D6C002B6449 /* QuadTreeBounds.swift in Sources */,
				D2DA871E232B7414005C6D09 /* RandomUserHttpServiceResponseDecoder.swift in Sources */,
			);
			runOnlyForDeploymentPostprocessing = 0;
		};
		D23AE76422C812A900910536 /* Sources */ = {
			isa = PBXSourcesBuildPhase;
			buildActionMask = 2147483647;
			files = (
				D24A3377232E9465002B6449 /* QuadTreeNodeSpec.swift in Sources */,
			);
			runOnlyForDeploymentPostprocessing = 0;
		};
		D23AE76F22C812A900910536 /* Sources */ = {
			isa = PBXSourcesBuildPhase;
			buildActionMask = 2147483647;
			files = (
				D23AE77822C812A900910536 /* DemoUITests.swift in Sources */,
			);
			runOnlyForDeploymentPostprocessing = 0;
		};
/* End PBXSourcesBuildPhase section */

/* Begin PBXTargetDependency section */
		D23AE76A22C812A900910536 /* PBXTargetDependency */ = {
			isa = PBXTargetDependency;
			target = D23AE75022C812A900910536 /* Demo */;
			targetProxy = D23AE76922C812A900910536 /* PBXContainerItemProxy */;
		};
		D23AE77522C812A900910536 /* PBXTargetDependency */ = {
			isa = PBXTargetDependency;
			target = D23AE75022C812A900910536 /* Demo */;
			targetProxy = D23AE77422C812A900910536 /* PBXContainerItemProxy */;
		};
/* End PBXTargetDependency section */

/* Begin PBXVariantGroup section */
		D23AE76022C812A900910536 /* LaunchScreen.storyboard */ = {
			isa = PBXVariantGroup;
			children = (
				D23AE76122C812A900910536 /* Base */,
			);
			name = LaunchScreen.storyboard;
			sourceTree = "<group>";
		};
/* End PBXVariantGroup section */

/* Begin XCBuildConfiguration section */
		D23AE77A22C812A900910536 /* Debug */ = {
			isa = XCBuildConfiguration;
			buildSettings = {
				ALWAYS_SEARCH_USER_PATHS = NO;
				CLANG_ANALYZER_NONNULL = YES;
				CLANG_ANALYZER_NUMBER_OBJECT_CONVERSION = YES_AGGRESSIVE;
				CLANG_CXX_LANGUAGE_STANDARD = "gnu++14";
				CLANG_CXX_LIBRARY = "libc++";
				CLANG_ENABLE_MODULES = YES;
				CLANG_ENABLE_OBJC_ARC = YES;
				CLANG_ENABLE_OBJC_WEAK = YES;
				CLANG_WARN_BLOCK_CAPTURE_AUTORELEASING = YES;
				CLANG_WARN_BOOL_CONVERSION = YES;
				CLANG_WARN_COMMA = YES;
				CLANG_WARN_CONSTANT_CONVERSION = YES;
				CLANG_WARN_DEPRECATED_OBJC_IMPLEMENTATIONS = YES;
				CLANG_WARN_DIRECT_OBJC_ISA_USAGE = YES_ERROR;
				CLANG_WARN_DOCUMENTATION_COMMENTS = YES;
				CLANG_WARN_EMPTY_BODY = YES;
				CLANG_WARN_ENUM_CONVERSION = YES;
				CLANG_WARN_INFINITE_RECURSION = YES;
				CLANG_WARN_INT_CONVERSION = YES;
				CLANG_WARN_NON_LITERAL_NULL_CONVERSION = YES;
				CLANG_WARN_OBJC_IMPLICIT_RETAIN_SELF = YES;
				CLANG_WARN_OBJC_LITERAL_CONVERSION = YES;
				CLANG_WARN_OBJC_ROOT_CLASS = YES_ERROR;
				CLANG_WARN_RANGE_LOOP_ANALYSIS = YES;
				CLANG_WARN_STRICT_PROTOTYPES = YES;
				CLANG_WARN_SUSPICIOUS_MOVE = YES;
				CLANG_WARN_UNGUARDED_AVAILABILITY = YES_AGGRESSIVE;
				CLANG_WARN_UNREACHABLE_CODE = YES;
				CLANG_WARN__DUPLICATE_METHOD_MATCH = YES;
				CODE_SIGN_IDENTITY = "iPhone Developer";
				COPY_PHASE_STRIP = NO;
				DEBUG_INFORMATION_FORMAT = dwarf;
				ENABLE_STRICT_OBJC_MSGSEND = YES;
				ENABLE_TESTABILITY = YES;
				GCC_C_LANGUAGE_STANDARD = gnu11;
				GCC_DYNAMIC_NO_PIC = NO;
				GCC_NO_COMMON_BLOCKS = YES;
				GCC_OPTIMIZATION_LEVEL = 0;
				GCC_PREPROCESSOR_DEFINITIONS = (
					"DEBUG=1",
					"$(inherited)",
				);
				GCC_WARN_64_TO_32_BIT_CONVERSION = YES;
				GCC_WARN_ABOUT_RETURN_TYPE = YES_ERROR;
				GCC_WARN_UNDECLARED_SELECTOR = YES;
				GCC_WARN_UNINITIALIZED_AUTOS = YES_AGGRESSIVE;
				GCC_WARN_UNUSED_FUNCTION = YES;
				GCC_WARN_UNUSED_VARIABLE = YES;
				IPHONEOS_DEPLOYMENT_TARGET = 13.2;
				MTL_ENABLE_DEBUG_INFO = INCLUDE_SOURCE;
				MTL_FAST_MATH = YES;
				ONLY_ACTIVE_ARCH = YES;
				SDKROOT = iphoneos;
				SWIFT_ACTIVE_COMPILATION_CONDITIONS = DEBUG;
				SWIFT_OPTIMIZATION_LEVEL = "-Onone";
			};
			name = Debug;
		};
		D23AE77B22C812A900910536 /* Release */ = {
			isa = XCBuildConfiguration;
			buildSettings = {
				ALWAYS_SEARCH_USER_PATHS = NO;
				CLANG_ANALYZER_NONNULL = YES;
				CLANG_ANALYZER_NUMBER_OBJECT_CONVERSION = YES_AGGRESSIVE;
				CLANG_CXX_LANGUAGE_STANDARD = "gnu++14";
				CLANG_CXX_LIBRARY = "libc++";
				CLANG_ENABLE_MODULES = YES;
				CLANG_ENABLE_OBJC_ARC = YES;
				CLANG_ENABLE_OBJC_WEAK = YES;
				CLANG_WARN_BLOCK_CAPTURE_AUTORELEASING = YES;
				CLANG_WARN_BOOL_CONVERSION = YES;
				CLANG_WARN_COMMA = YES;
				CLANG_WARN_CONSTANT_CONVERSION = YES;
				CLANG_WARN_DEPRECATED_OBJC_IMPLEMENTATIONS = YES;
				CLANG_WARN_DIRECT_OBJC_ISA_USAGE = YES_ERROR;
				CLANG_WARN_DOCUMENTATION_COMMENTS = YES;
				CLANG_WARN_EMPTY_BODY = YES;
				CLANG_WARN_ENUM_CONVERSION = YES;
				CLANG_WARN_INFINITE_RECURSION = YES;
				CLANG_WARN_INT_CONVERSION = YES;
				CLANG_WARN_NON_LITERAL_NULL_CONVERSION = YES;
				CLANG_WARN_OBJC_IMPLICIT_RETAIN_SELF = YES;
				CLANG_WARN_OBJC_LITERAL_CONVERSION = YES;
				CLANG_WARN_OBJC_ROOT_CLASS = YES_ERROR;
				CLANG_WARN_RANGE_LOOP_ANALYSIS = YES;
				CLANG_WARN_STRICT_PROTOTYPES = YES;
				CLANG_WARN_SUSPICIOUS_MOVE = YES;
				CLANG_WARN_UNGUARDED_AVAILABILITY = YES_AGGRESSIVE;
				CLANG_WARN_UNREACHABLE_CODE = YES;
				CLANG_WARN__DUPLICATE_METHOD_MATCH = YES;
				CODE_SIGN_IDENTITY = "iPhone Developer";
				COPY_PHASE_STRIP = NO;
				DEBUG_INFORMATION_FORMAT = "dwarf-with-dsym";
				ENABLE_NS_ASSERTIONS = NO;
				ENABLE_STRICT_OBJC_MSGSEND = YES;
				GCC_C_LANGUAGE_STANDARD = gnu11;
				GCC_NO_COMMON_BLOCKS = YES;
				GCC_WARN_64_TO_32_BIT_CONVERSION = YES;
				GCC_WARN_ABOUT_RETURN_TYPE = YES_ERROR;
				GCC_WARN_UNDECLARED_SELECTOR = YES;
				GCC_WARN_UNINITIALIZED_AUTOS = YES_AGGRESSIVE;
				GCC_WARN_UNUSED_FUNCTION = YES;
				GCC_WARN_UNUSED_VARIABLE = YES;
				IPHONEOS_DEPLOYMENT_TARGET = 13.2;
				MTL_ENABLE_DEBUG_INFO = NO;
				MTL_FAST_MATH = YES;
				SDKROOT = iphoneos;
				SWIFT_COMPILATION_MODE = wholemodule;
				SWIFT_OPTIMIZATION_LEVEL = "-O";
				VALIDATE_PRODUCT = YES;
			};
			name = Release;
		};
		D23AE77D22C812A900910536 /* Debug */ = {
			isa = XCBuildConfiguration;
			buildSettings = {
				ASSETCATALOG_COMPILER_APPICON_NAME = AppIcon;
				CODE_SIGN_STYLE = Automatic;
				DEVELOPMENT_TEAM = 685Y94L3PT;
				INFOPLIST_FILE = "$(SRCROOT)/Demo/Supporting Files/Info.plist";
				LD_RUNPATH_SEARCH_PATHS = (
					"$(inherited)",
					"@executable_path/Frameworks",
				);
				PRODUCT_BUNDLE_IDENTIFIER = scottlevie.Demo;
				PRODUCT_NAME = "$(TARGET_NAME)";
				SWIFT_VERSION = 5.0;
				TARGETED_DEVICE_FAMILY = "1,2";
			};
			name = Debug;
		};
		D23AE77E22C812A900910536 /* Release */ = {
			isa = XCBuildConfiguration;
			buildSettings = {
				ASSETCATALOG_COMPILER_APPICON_NAME = AppIcon;
				CODE_SIGN_STYLE = Automatic;
				DEVELOPMENT_TEAM = 685Y94L3PT;
				INFOPLIST_FILE = "$(SRCROOT)/Demo/Supporting Files/Info.plist";
				LD_RUNPATH_SEARCH_PATHS = (
					"$(inherited)",
					"@executable_path/Frameworks",
				);
				PRODUCT_BUNDLE_IDENTIFIER = scottlevie.Demo;
				PRODUCT_NAME = "$(TARGET_NAME)";
				SWIFT_VERSION = 5.0;
				TARGETED_DEVICE_FAMILY = "1,2";
			};
			name = Release;
		};
		D23AE78022C812A900910536 /* Debug */ = {
			isa = XCBuildConfiguration;
			buildSettings = {
				ALWAYS_EMBED_SWIFT_STANDARD_LIBRARIES = YES;
				BUNDLE_LOADER = "$(TEST_HOST)";
				CODE_SIGN_STYLE = Automatic;
				DEVELOPMENT_TEAM = 685Y94L3PT;
				INFOPLIST_FILE = DemoTests/Info.plist;
				LD_RUNPATH_SEARCH_PATHS = (
					"$(inherited)",
					"@executable_path/Frameworks",
					"@loader_path/Frameworks",
				);
				PRODUCT_BUNDLE_IDENTIFIER = scottlevie.DemoTests;
				PRODUCT_NAME = "$(TARGET_NAME)";
				SWIFT_VERSION = 5.0;
				TARGETED_DEVICE_FAMILY = "1,2";
				TEST_HOST = "$(BUILT_PRODUCTS_DIR)/Demo.app/Demo";
			};
			name = Debug;
		};
		D23AE78122C812A900910536 /* Release */ = {
			isa = XCBuildConfiguration;
			buildSettings = {
				ALWAYS_EMBED_SWIFT_STANDARD_LIBRARIES = YES;
				BUNDLE_LOADER = "$(TEST_HOST)";
				CODE_SIGN_STYLE = Automatic;
				DEVELOPMENT_TEAM = 685Y94L3PT;
				INFOPLIST_FILE = DemoTests/Info.plist;
				LD_RUNPATH_SEARCH_PATHS = (
					"$(inherited)",
					"@executable_path/Frameworks",
					"@loader_path/Frameworks",
				);
				PRODUCT_BUNDLE_IDENTIFIER = scottlevie.DemoTests;
				PRODUCT_NAME = "$(TARGET_NAME)";
				SWIFT_VERSION = 5.0;
				TARGETED_DEVICE_FAMILY = "1,2";
				TEST_HOST = "$(BUILT_PRODUCTS_DIR)/Demo.app/Demo";
			};
			name = Release;
		};
		D23AE78322C812A900910536 /* Debug */ = {
			isa = XCBuildConfiguration;
			buildSettings = {
				ALWAYS_EMBED_SWIFT_STANDARD_LIBRARIES = YES;
				CODE_SIGN_STYLE = Automatic;
				DEVELOPMENT_TEAM = 685Y94L3PT;
				INFOPLIST_FILE = DemoUITests/Info.plist;
				LD_RUNPATH_SEARCH_PATHS = (
					"$(inherited)",
					"@executable_path/Frameworks",
					"@loader_path/Frameworks",
				);
				PRODUCT_BUNDLE_IDENTIFIER = scottlevie.DemoUITests;
				PRODUCT_NAME = "$(TARGET_NAME)";
				SWIFT_VERSION = 5.0;
				TARGETED_DEVICE_FAMILY = "1,2";
				TEST_TARGET_NAME = Demo;
			};
			name = Debug;
		};
		D23AE78422C812A900910536 /* Release */ = {
			isa = XCBuildConfiguration;
			buildSettings = {
				ALWAYS_EMBED_SWIFT_STANDARD_LIBRARIES = YES;
				CODE_SIGN_STYLE = Automatic;
				DEVELOPMENT_TEAM = 685Y94L3PT;
				INFOPLIST_FILE = DemoUITests/Info.plist;
				LD_RUNPATH_SEARCH_PATHS = (
					"$(inherited)",
					"@executable_path/Frameworks",
					"@loader_path/Frameworks",
				);
				PRODUCT_BUNDLE_IDENTIFIER = scottlevie.DemoUITests;
				PRODUCT_NAME = "$(TARGET_NAME)";
				SWIFT_VERSION = 5.0;
				TARGETED_DEVICE_FAMILY = "1,2";
				TEST_TARGET_NAME = Demo;
			};
			name = Release;
		};
/* End XCBuildConfiguration section */

/* Begin XCConfigurationList section */
		D23AE74C22C812A900910536 /* Build configuration list for PBXProject "Demo" */ = {
			isa = XCConfigurationList;
			buildConfigurations = (
				D23AE77A22C812A900910536 /* Debug */,
				D23AE77B22C812A900910536 /* Release */,
			);
			defaultConfigurationIsVisible = 0;
			defaultConfigurationName = Release;
		};
		D23AE77C22C812A900910536 /* Build configuration list for PBXNativeTarget "Demo" */ = {
			isa = XCConfigurationList;
			buildConfigurations = (
				D23AE77D22C812A900910536 /* Debug */,
				D23AE77E22C812A900910536 /* Release */,
			);
			defaultConfigurationIsVisible = 0;
			defaultConfigurationName = Release;
		};
		D23AE77F22C812A900910536 /* Build configuration list for PBXNativeTarget "DemoTests" */ = {
			isa = XCConfigurationList;
			buildConfigurations = (
				D23AE78022C812A900910536 /* Debug */,
				D23AE78122C812A900910536 /* Release */,
			);
			defaultConfigurationIsVisible = 0;
			defaultConfigurationName = Release;
		};
		D23AE78222C812A900910536 /* Build configuration list for PBXNativeTarget "DemoUITests" */ = {
			isa = XCConfigurationList;
			buildConfigurations = (
				D23AE78322C812A900910536 /* Debug */,
				D23AE78422C812A900910536 /* Release */,
			);
			defaultConfigurationIsVisible = 0;
			defaultConfigurationName = Release;
		};
/* End XCConfigurationList section */

/* Begin XCVersionGroup section */
		D23AE75B22C812A900910536 /* Demo.xcdatamodeld */ = {
			isa = XCVersionGroup;
			children = (
				D23AE75C22C812A900910536 /* Demo.xcdatamodel */,
			);
			currentVersion = D23AE75C22C812A900910536 /* Demo.xcdatamodel */;
			path = Demo.xcdatamodeld;
			sourceTree = "<group>";
			versionGroupType = wrapper.xcdatamodel;
		};
/* End XCVersionGroup section */
	};
	rootObject = D23AE74922C812A900910536 /* Project object */;
}
